<?xml version="1.0" encoding="utf-8"?>
<Project ToolsVersion="4.0" xmlns="http://schemas.microsoft.com/developer/msbuild/2003">
  <ItemGroup>
    <Filter Include="源文件">
      <UniqueIdentifier>{4FC737F1-C7A5-4376-A066-2A32D752A2FF}</UniqueIdentifier>
      <Extensions>cpp;c;cc;cxx;def;odl;idl;hpj;bat;asm;asmx</Extensions>
    </Filter>
    <Filter Include="头文件">
      <UniqueIdentifier>{93995380-89BD-4b04-88EB-625FBE52EBFB}</UniqueIdentifier>
      <Extensions>h;hh;hpp;hxx;hm;inl;inc;ipp;xsd</Extensions>
    </Filter>
    <Filter Include="资源文件">
      <UniqueIdentifier>{67DA6AB6-F800-4c08-8B7A-83BB121AAD01}</UniqueIdentifier>
      <Extensions>rc;ico;cur;bmp;dlg;rc2;rct;bin;rgs;gif;jpg;jpeg;jpe;resx;tiff;tif;png;wav;mfcribbon-ms</Extensions>
    </Filter>
    <Filter Include="头文件\adapt_boost">
      <UniqueIdentifier>{f6fe5171-8875-4044-bd51-c56f229cb46e}</UniqueIdentifier>
    </Filter>
  </ItemGroup>
  <ItemGroup>
    <ClInclude Include="MathDefines.h">
      <Filter>头文件</Filter>
    </ClInclude>
    <ClInclude Include="adapt_boost\adapt_segment.hpp">
      <Filter>头文件\adapt_boost</Filter>
    </ClInclude>
    <ClInclude Include="adapt_boost\adapt_polyline.hpp">
      <Filter>头文件\adapt_boost</Filter>
    </ClInclude>
    <ClInclude Include="adapt_boost\adapt_polygon.hpp">
      <Filter>头文件\adapt_boost</Filter>
    </ClInclude>
    <ClInclude Include="adapt_boost\adapt_boost.h">
      <Filter>头文件\adapt_boost</Filter>
    </ClInclude>
    <ClInclude Include="adapt_boost\adapt_point.hpp">
      <Filter>头文件\adapt_boost</Filter>
    </ClInclude>
    <ClInclude Include="adapt_boost\adapt_polygons.hpp">
      <Filter>头文件\adapt_boost</Filter>
    </ClInclude>
    <ClInclude Include="GeometricToolsEngine.h">
      <Filter>头文件</Filter>
    </ClInclude>
    <ClInclude Include="Point.hpp">
      <Filter>头文件</Filter>
    </ClInclude>
    <ClInclude Include="Polygon.hpp">
      <Filter>头文件</Filter>
    </ClInclude>
    <ClInclude Include="Polygon2.hpp">
      <Filter>头文件</Filter>
    </ClInclude>
    <ClInclude Include="Polygons.hpp">
      <Filter>头文件</Filter>
    </ClInclude>
    <ClInclude Include="Polygons2.hpp">
      <Filter>头文件</Filter>
    </ClInclude>
    <ClInclude Include="Vector.hpp">
      <Filter>头文件</Filter>
    </ClInclude>
    <ClInclude Include="Vector2.hpp">
      <Filter>头文件</Filter>
    </ClInclude>
    <ClInclude Include="Vector3.hpp">
      <Filter>头文件</Filter>
    </ClInclude>
    <ClInclude Include="Sequencer.hpp">
      <Filter>头文件</Filter>
    </ClInclude>
    <ClInclude Include="PolyBase.hpp">
      <Filter>头文件</Filter>
    </ClInclude>
    <ClInclude Include="BoundBox.hpp">
      <Filter>头文件</Filter>
    </ClInclude>
    <ClInclude Include="Convertor.hpp">
      <Filter>头文件</Filter>
    </ClInclude>
    <ClInclude Include="Matrix.hpp">
      <Filter>头文件</Filter>
    </ClInclude>
    <ClInclude Include="Polyline.hpp">
      <Filter>头文件</Filter>
    </ClInclude>
    <ClInclude Include="Polyline2.hpp">
      <Filter>头文件</Filter>
    </ClInclude>
    <ClInclude Include="Polylines.hpp">
      <Filter>头文件</Filter>
    </ClInclude>
    <ClInclude Include="Polylines2.hpp">
      <Filter>头文件</Filter>
    </ClInclude>
    <ClInclude Include="Segment.hpp">
      <Filter>头文件</Filter>
    </ClInclude>
    <ClInclude Include="Segment2.hpp">
      <Filter>头文件</Filter>
    </ClInclude>
  </ItemGroup>
  <ItemGroup>
    <ClCompile Include="GeometricToolsEngine.cpp">
      <Filter>源文件</Filter>
    </ClCompile>
    <ClCompile Include="Vector.cpp">
      <Filter>源文件</Filter>
    </ClCompile>
  </ItemGroup>
</Project>